
Microsoft Visual Studio Solution File, Format Version 12.00
# Visual Studio Version 17
VisualStudioVersion = 17.9.34526.213
MinimumVisualStudioVersion = 10.0.40219.1
Project("{9A19103F-16F7-4668-BE54-9A1E7A4F7556}") = "Elskom.Check", "src\Elskom.Check\Elskom.Check.csproj", "{C2F18097-0111-4A5F-978F-27F212F3F6D7}"
EndProject
Project("{FAE04EC0-301F-11D3-BF4B-00C04F79EFBC}") = "Elskom.Check.Cli.Internal", "src\Elskom.Check.Cli.Internal\Elskom.Check.Cli.Internal.csproj", "{A2C0B6E5-925A-4888-9E94-299E842F11C4}"
EndProject
Global
	GlobalSection(SolutionConfigurationPlatforms) = preSolution
		Debug|Any CPU = Debug|Any CPU
		Release|Any CPU = Release|Any CPU
	EndGlobalSection
	GlobalSection(ProjectConfigurationPlatforms) = postSolution
		{C2F18097-0111-4A5F-978F-27F212F3F6D7}.Debug|Any CPU.ActiveCfg = Debug|Any CPU
		{C2F18097-0111-4A5F-978F-27F212F3F6D7}.Debug|Any CPU.Build.0 = Debug|Any CPU
		{C2F18097-0111-4A5F-978F-27F212F3F6D7}.Release|Any CPU.ActiveCfg = Release|Any CPU
		{C2F18097-0111-4A5F-978F-27F212F3F6D7}.Release|Any CPU.Build.0 = Release|Any CPU
		{A2C0B6E5-925A-4888-9E94-299E842F11C4}.Debug|Any CPU.ActiveCfg = Debug|Any CPU
		{A2C0B6E5-925A-4888-9E94-299E842F11C4}.Debug|Any CPU.Build.0 = Debug|Any CPU
		{A2C0B6E5-925A-4888-9E94-299E842F11C4}.Release|Any CPU.ActiveCfg = Release|Any CPU
		{A2C0B6E5-925A-4888-9E94-299E842F11C4}.Release|Any CPU.Build.0 = Release|Any CPU
	EndGlobalSection
	GlobalSection(SolutionProperties) = preSolution
		HideSolutionNode = FALSE
	EndGlobalSection
	GlobalSection(ExtensibilityGlobals) = postSolution
		SolutionGuid = {54646281-95F0-406D-8F68-8D9469F14859}
	EndGlobalSection
EndGlobal
